
Microsoft Visual Studio Solution File, Format Version 12.00
# Visual Studio Version 17
VisualStudioVersion = 17.9.34728.123
MinimumVisualStudioVersion = 10.0.40219.1
Project("{FAE04EC0-301F-11D3-BF4B-00C04F79EFBC}") = "GatewayServiceTest", "GatewayServiceTest\GatewayServiceTest.csproj", "{EC4206C2-68DF-4B03-8044-6606B62B1C05}"
EndProject
Project("{FAE04EC0-301F-11D3-BF4B-00C04F79EFBC}") = "SmartCA769", "SmartCA769.csproj", "{8F30D5A4-67F3-456E-A7A5-10D93567DA33}"
EndProject
Project("{FAE04EC0-301F-11D3-BF4B-00C04F79EFBC}") = "EBH_RemoteSigning_Service(ERS)", "EBH_RemoteSigning_Service(ERS)\EBH_RemoteSigning_Service(ERS).csproj", "{8DE2CB25-412A-4E36-90A4-03A71BF9DD19}"
EndProject
Project("{FAE04EC0-301F-11D3-BF4B-00C04F79EFBC}") = "ESignLibrary", "ESignLibrary\ESignLibrary.csproj", "{E0169F4C-0FC1-466E-9843-79972CBE100D}"
EndProject
Project("{FAE04EC0-301F-11D3-BF4B-00C04F79EFBC}") = "testSigning_Winform", "testSigning_Winform\testSigning_Winform.csproj", "{A847AC1B-ECF7-40EC-8871-B3BDC3B38085}"
EndProject
Project("{FAE04EC0-301F-11D3-BF4B-00C04F79EFBC}") = "EBH_RemoteSigning_ver2", "EBH_RemoteSigning_ver2\EBH_RemoteSigning_ver2.csproj", "{C165BE07-0077-47D1-85D8-FB05EC57B834}"
EndProject
Project("{FAE04EC0-301F-11D3-BF4B-00C04F79EFBC}") = "Common", "Common\Common.csproj", "{BA93B279-6C67-4702-B10B-97710841C482}"
EndProject
Project("{FAE04EC0-301F-11D3-BF4B-00C04F79EFBC}") = "ERS_Domain", "ERS_Domain\ERS_Domain.csproj", "{C554164F-3A96-487E-9875-EA342EC95799}"
EndProject
Project("{FAE04EC0-301F-11D3-BF4B-00C04F79EFBC}") = "ws_GetResult_RemoteSigning", "ws_GetResult_RemoteSigning\ws_GetResult_RemoteSigning.csproj", "{B49FC744-5B16-4E5B-BF90-2DF10982AB65}"
EndProject
Project("{FAE04EC0-301F-11D3-BF4B-00C04F79EFBC}") = "WindowBase.TSDCustom", "WindowBase.TSDCustom\WindowBase.TSDCustom.csproj", "{811D6726-DFB3-43A2-9AD8-0EFF5D1EB5CB}"
EndProject
Global
	GlobalSection(SolutionConfigurationPlatforms) = preSolution
		Debug_woDrawing|Any CPU = Debug_woDrawing|Any CPU
		Debug|Any CPU = Debug|Any CPU
		Release_woDrawing|Any CPU = Release_woDrawing|Any CPU
		Release|Any CPU = Release|Any CPU
	EndGlobalSection
	GlobalSection(ProjectConfigurationPlatforms) = postSolution
		{EC4206C2-68DF-4B03-8044-6606B62B1C05}.Debug_woDrawing|Any CPU.ActiveCfg = Debug|Any CPU
		{EC4206C2-68DF-4B03-8044-6606B62B1C05}.Debug_woDrawing|Any CPU.Build.0 = Debug|Any CPU
		{EC4206C2-68DF-4B03-8044-6606B62B1C05}.Debug|Any CPU.ActiveCfg = Debug|Any CPU
		{EC4206C2-68DF-4B03-8044-6606B62B1C05}.Debug|Any CPU.Build.0 = Debug|Any CPU
		{EC4206C2-68DF-4B03-8044-6606B62B1C05}.Release_woDrawing|Any CPU.ActiveCfg = Release|Any CPU
		{EC4206C2-68DF-4B03-8044-6606B62B1C05}.Release_woDrawing|Any CPU.Build.0 = Release|Any CPU
		{EC4206C2-68DF-4B03-8044-6606B62B1C05}.Release|Any CPU.ActiveCfg = Release|Any CPU
		{EC4206C2-68DF-4B03-8044-6606B62B1C05}.Release|Any CPU.Build.0 = Release|Any CPU
		{8F30D5A4-67F3-456E-A7A5-10D93567DA33}.Debug_woDrawing|Any CPU.ActiveCfg = Debug|Any CPU
		{8F30D5A4-67F3-456E-A7A5-10D93567DA33}.Debug_woDrawing|Any CPU.Build.0 = Debug|Any CPU
		{8F30D5A4-67F3-456E-A7A5-10D93567DA33}.Debug|Any CPU.ActiveCfg = Debug|Any CPU
		{8F30D5A4-67F3-456E-A7A5-10D93567DA33}.Debug|Any CPU.Build.0 = Debug|Any CPU
		{8F30D5A4-67F3-456E-A7A5-10D93567DA33}.Release_woDrawing|Any CPU.ActiveCfg = Release|Any CPU
		{8F30D5A4-67F3-456E-A7A5-10D93567DA33}.Release_woDrawing|Any CPU.Build.0 = Release|Any CPU
		{8F30D5A4-67F3-456E-A7A5-10D93567DA33}.Release|Any CPU.ActiveCfg = Release|Any CPU
		{8F30D5A4-67F3-456E-A7A5-10D93567DA33}.Release|Any CPU.Build.0 = Release|Any CPU
		{8DE2CB25-412A-4E36-90A4-03A71BF9DD19}.Debug_woDrawing|Any CPU.ActiveCfg = Debug|Any CPU
		{8DE2CB25-412A-4E36-90A4-03A71BF9DD19}.Debug_woDrawing|Any CPU.Build.0 = Debug|Any CPU
		{8DE2CB25-412A-4E36-90A4-03A71BF9DD19}.Debug|Any CPU.ActiveCfg = Debug|Any CPU
		{8DE2CB25-412A-4E36-90A4-03A71BF9DD19}.Debug|Any CPU.Build.0 = Debug|Any CPU
		{8DE2CB25-412A-4E36-90A4-03A71BF9DD19}.Release_woDrawing|Any CPU.ActiveCfg = Release|Any CPU
		{8DE2CB25-412A-4E36-90A4-03A71BF9DD19}.Release_woDrawing|Any CPU.Build.0 = Release|Any CPU
		{8DE2CB25-412A-4E36-90A4-03A71BF9DD19}.Release|Any CPU.ActiveCfg = Release|Any CPU
		{8DE2CB25-412A-4E36-90A4-03A71BF9DD19}.Release|Any CPU.Build.0 = Release|Any CPU
		{E0169F4C-0FC1-466E-9843-79972CBE100D}.Debug_woDrawing|Any CPU.ActiveCfg = Debug|Any CPU
		{E0169F4C-0FC1-466E-9843-79972CBE100D}.Debug_woDrawing|Any CPU.Build.0 = Debug|Any CPU
		{E0169F4C-0FC1-466E-9843-79972CBE100D}.Debug|Any CPU.ActiveCfg = Debug|Any CPU
		{E0169F4C-0FC1-466E-9843-79972CBE100D}.Debug|Any CPU.Build.0 = Debug|Any CPU
		{E0169F4C-0FC1-466E-9843-79972CBE100D}.Release_woDrawing|Any CPU.ActiveCfg = Release|Any CPU
		{E0169F4C-0FC1-466E-9843-79972CBE100D}.Release_woDrawing|Any CPU.Build.0 = Release|Any CPU
		{E0169F4C-0FC1-466E-9843-79972CBE100D}.Release|Any CPU.ActiveCfg = Release|Any CPU
		{E0169F4C-0FC1-466E-9843-79972CBE100D}.Release|Any CPU.Build.0 = Release|Any CPU
		{A847AC1B-ECF7-40EC-8871-B3BDC3B38085}.Debug_woDrawing|Any CPU.ActiveCfg = Debug|Any CPU
		{A847AC1B-ECF7-40EC-8871-B3BDC3B38085}.Debug_woDrawing|Any CPU.Build.0 = Debug|Any CPU
		{A847AC1B-ECF7-40EC-8871-B3BDC3B38085}.Debug|Any CPU.ActiveCfg = Debug|Any CPU
		{A847AC1B-ECF7-40EC-8871-B3BDC3B38085}.Debug|Any CPU.Build.0 = Debug|Any CPU
		{A847AC1B-ECF7-40EC-8871-B3BDC3B38085}.Release_woDrawing|Any CPU.ActiveCfg = Release|Any CPU
		{A847AC1B-ECF7-40EC-8871-B3BDC3B38085}.Release_woDrawing|Any CPU.Build.0 = Release|Any CPU
		{A847AC1B-ECF7-40EC-8871-B3BDC3B38085}.Release|Any CPU.ActiveCfg = Release|Any CPU
		{A847AC1B-ECF7-40EC-8871-B3BDC3B38085}.Release|Any CPU.Build.0 = Release|Any CPU
		{C165BE07-0077-47D1-85D8-FB05EC57B834}.Debug_woDrawing|Any CPU.ActiveCfg = Debug|Any CPU
		{C165BE07-0077-47D1-85D8-FB05EC57B834}.Debug_woDrawing|Any CPU.Build.0 = Debug|Any CPU
		{C165BE07-0077-47D1-85D8-FB05EC57B834}.Debug|Any CPU.ActiveCfg = Debug|Any CPU
		{C165BE07-0077-47D1-85D8-FB05EC57B834}.Debug|Any CPU.Build.0 = Debug|Any CPU
		{C165BE07-0077-47D1-85D8-FB05EC57B834}.Release_woDrawing|Any CPU.ActiveCfg = Release|Any CPU
		{C165BE07-0077-47D1-85D8-FB05EC57B834}.Release_woDrawing|Any CPU.Build.0 = Release|Any CPU
		{C165BE07-0077-47D1-85D8-FB05EC57B834}.Release|Any CPU.ActiveCfg = Release|Any CPU
		{C165BE07-0077-47D1-85D8-FB05EC57B834}.Release|Any CPU.Build.0 = Release|Any CPU
		{BA93B279-6C67-4702-B10B-97710841C482}.Debug_woDrawing|Any CPU.ActiveCfg = Debug|Any CPU
		{BA93B279-6C67-4702-B10B-97710841C482}.Debug_woDrawing|Any CPU.Build.0 = Debug|Any CPU
		{BA93B279-6C67-4702-B10B-97710841C482}.Debug|Any CPU.ActiveCfg = Debug|Any CPU
		{BA93B279-6C67-4702-B10B-97710841C482}.Debug|Any CPU.Build.0 = Debug|Any CPU
		{BA93B279-6C67-4702-B10B-97710841C482}.Release_woDrawing|Any CPU.ActiveCfg = Release|Any CPU
		{BA93B279-6C67-4702-B10B-97710841C482}.Release_woDrawing|Any CPU.Build.0 = Release|Any CPU
		{BA93B279-6C67-4702-B10B-97710841C482}.Release|Any CPU.ActiveCfg = Release|Any CPU
		{BA93B279-6C67-4702-B10B-97710841C482}.Release|Any CPU.Build.0 = Release|Any CPU
		{C554164F-3A96-487E-9875-EA342EC95799}.Debug_woDrawing|Any CPU.ActiveCfg = Debug|Any CPU
		{C554164F-3A96-487E-9875-EA342EC95799}.Debug_woDrawing|Any CPU.Build.0 = Debug|Any CPU
		{C554164F-3A96-487E-9875-EA342EC95799}.Debug|Any CPU.ActiveCfg = Debug|Any CPU
		{C554164F-3A96-487E-9875-EA342EC95799}.Debug|Any CPU.Build.0 = Debug|Any CPU
		{C554164F-3A96-487E-9875-EA342EC95799}.Release_woDrawing|Any CPU.ActiveCfg = Release|Any CPU
		{C554164F-3A96-487E-9875-EA342EC95799}.Release_woDrawing|Any CPU.Build.0 = Release|Any CPU
		{C554164F-3A96-487E-9875-EA342EC95799}.Release|Any CPU.ActiveCfg = Release|Any CPU
		{C554164F-3A96-487E-9875-EA342EC95799}.Release|Any CPU.Build.0 = Release|Any CPU
		{B49FC744-5B16-4E5B-BF90-2DF10982AB65}.Debug_woDrawing|Any CPU.ActiveCfg = Debug|Any CPU
		{B49FC744-5B16-4E5B-BF90-2DF10982AB65}.Debug_woDrawing|Any CPU.Build.0 = Debug|Any CPU
		{B49FC744-5B16-4E5B-BF90-2DF10982AB65}.Debug|Any CPU.ActiveCfg = Debug|Any CPU
		{B49FC744-5B16-4E5B-BF90-2DF10982AB65}.Debug|Any CPU.Build.0 = Debug|Any CPU
		{B49FC744-5B16-4E5B-BF90-2DF10982AB65}.Release_woDrawing|Any CPU.ActiveCfg = Release|Any CPU
		{B49FC744-5B16-4E5B-BF90-2DF10982AB65}.Release_woDrawing|Any CPU.Build.0 = Release|Any CPU
		{B49FC744-5B16-4E5B-BF90-2DF10982AB65}.Release|Any CPU.ActiveCfg = Release|Any CPU
		{B49FC744-5B16-4E5B-BF90-2DF10982AB65}.Release|Any CPU.Build.0 = Release|Any CPU
		{811D6726-DFB3-43A2-9AD8-0EFF5D1EB5CB}.Debug_woDrawing|Any CPU.ActiveCfg = Debug|Any CPU
		{811D6726-DFB3-43A2-9AD8-0EFF5D1EB5CB}.Debug_woDrawing|Any CPU.Build.0 = Debug|Any CPU
		{811D6726-DFB3-43A2-9AD8-0EFF5D1EB5CB}.Debug|Any CPU.ActiveCfg = Debug|Any CPU
		{811D6726-DFB3-43A2-9AD8-0EFF5D1EB5CB}.Debug|Any CPU.Build.0 = Debug|Any CPU
		{811D6726-DFB3-43A2-9AD8-0EFF5D1EB5CB}.Release_woDrawing|Any CPU.ActiveCfg = Release|Any CPU
		{811D6726-DFB3-43A2-9AD8-0EFF5D1EB5CB}.Release_woDrawing|Any CPU.Build.0 = Release|Any CPU
		{811D6726-DFB3-43A2-9AD8-0EFF5D1EB5CB}.Release|Any CPU.ActiveCfg = Release|Any CPU
		{811D6726-DFB3-43A2-9AD8-0EFF5D1EB5CB}.Release|Any CPU.Build.0 = Release|Any CPU
	EndGlobalSection
	GlobalSection(SolutionProperties) = preSolution
		HideSolutionNode = FALSE
	EndGlobalSection
	GlobalSection(ExtensibilityGlobals) = postSolution
		SolutionGuid = {33EED925-1C79-41CB-8162-2A37C5BDA719}
	EndGlobalSection
EndGlobal
